
Microsoft Visual Studio Solution File, Format Version 12.00
# Visual Studio Version 16
VisualStudioVersion = 16.0.28917.181
MinimumVisualStudioVersion = 10.0.40219.1
Project("{9A19103F-16F7-4668-BE54-9A1E7A4F7556}") = "Backend", "Backend\Backend.csproj", "{3C4A8A41-204D-4609-95AE-106FACE9BDBC}"
EndProject
Project("{FAE04EC0-301F-11D3-BF4B-00C04F79EFBC}") = "Backend.Tests", "Backend.Tests\Backend.Tests.csproj", "{1E46367F-F5ED-4A76-9A97-FAD53B4D97CC}"
EndProject
Global
	GlobalSection(SolutionConfigurationPlatforms) = preSolution
		Debug|Any CPU = Debug|Any CPU
		Release|Any CPU = Release|Any CPU
	EndGlobalSection
	GlobalSection(ProjectConfigurationPlatforms) = postSolution
		{3C4A8A41-204D-4609-95AE-106FACE9BDBC}.Debug|Any CPU.ActiveCfg = Debug|Any CPU
		{3C4A8A41-204D-4609-95AE-106FACE9BDBC}.Debug|Any CPU.Build.0 = Debug|Any CPU
		{3C4A8A41-204D-4609-95AE-106FACE9BDBC}.Release|Any CPU.ActiveCfg = Release|Any CPU
		{3C4A8A41-204D-4609-95AE-106FACE9BDBC}.Release|Any CPU.Build.0 = Release|Any CPU
		{1E46367F-F5ED-4A76-9A97-FAD53B4D97CC}.Debug|Any CPU.ActiveCfg = Debug|Any CPU
		{1E46367F-F5ED-4A76-9A97-FAD53B4D97CC}.Debug|Any CPU.Build.0 = Debug|Any CPU
		{1E46367F-F5ED-4A76-9A97-FAD53B4D97CC}.Release|Any CPU.ActiveCfg = Release|Any CPU
		{1E46367F-F5ED-4A76-9A97-FAD53B4D97CC}.Release|Any CPU.Build.0 = Release|Any CPU
	EndGlobalSection
	GlobalSection(SolutionProperties) = preSolution
		HideSolutionNode = FALSE
	EndGlobalSection
	GlobalSection(ExtensibilityGlobals) = postSolution
		SolutionGuid = {7BD3E044-2DA0-4AC0-B1C0-B2408DF5691F}
	EndGlobalSection
EndGlobal
